
Microsoft Visual Studio Solution File, Format Version 12.00
# Visual Studio Version 17
VisualStudioVersion = 17.5.002.0
MinimumVisualStudioVersion = 10.0.40219.1
Project("{9A19103F-16F7-4668-BE54-9A1E7A4F7556}") = "ToistoHarjoitus09", "ToistoHarjoitus09.csproj", "{11F8ABFF-BD6D-46F7-A797-5CA7BF46CC38}"
EndProject
Global
	GlobalSection(SolutionConfigurationPlatforms) = preSolution
		Debug|Any CPU = Debug|Any CPU
		Release|Any CPU = Release|Any CPU
	EndGlobalSection
	GlobalSection(ProjectConfigurationPlatforms) = postSolution
		{11F8ABFF-BD6D-46F7-A797-5CA7BF46CC38}.Debug|Any CPU.ActiveCfg = Debug|Any CPU
		{11F8ABFF-BD6D-46F7-A797-5CA7BF46CC38}.Debug|Any CPU.Build.0 = Debug|Any CPU
		{11F8ABFF-BD6D-46F7-A797-5CA7BF46CC38}.Release|Any CPU.ActiveCfg = Release|Any CPU
		{11F8ABFF-BD6D-46F7-A797-5CA7BF46CC38}.Release|Any CPU.Build.0 = Release|Any CPU
	EndGlobalSection
	GlobalSection(SolutionProperties) = preSolution
		HideSolutionNode = FALSE
	EndGlobalSection
	GlobalSection(ExtensibilityGlobals) = postSolution
		SolutionGuid = {5EC6FBBF-DE90-467A-9E46-8898618DBCA5}
	EndGlobalSection
EndGlobal
