
Microsoft Visual Studio Solution File, Format Version 12.00
# Visual Studio Version 17
VisualStudioVersion = 17.5.002.0
MinimumVisualStudioVersion = 10.0.40219.1
Project("{9A19103F-16F7-4668-BE54-9A1E7A4F7556}") = "Ehtolause10", "Ehtolause10.csproj", "{4330827E-C1E9-4CDA-8DF2-960EE9590DDF}"
EndProject
Global
	GlobalSection(SolutionConfigurationPlatforms) = preSolution
		Debug|Any CPU = Debug|Any CPU
		Release|Any CPU = Release|Any CPU
	EndGlobalSection
	GlobalSection(ProjectConfigurationPlatforms) = postSolution
		{4330827E-C1E9-4CDA-8DF2-960EE9590DDF}.Debug|Any CPU.ActiveCfg = Debug|Any CPU
		{4330827E-C1E9-4CDA-8DF2-960EE9590DDF}.Debug|Any CPU.Build.0 = Debug|Any CPU
		{4330827E-C1E9-4CDA-8DF2-960EE9590DDF}.Release|Any CPU.ActiveCfg = Release|Any CPU
		{4330827E-C1E9-4CDA-8DF2-960EE9590DDF}.Release|Any CPU.Build.0 = Release|Any CPU
	EndGlobalSection
	GlobalSection(SolutionProperties) = preSolution
		HideSolutionNode = FALSE
	EndGlobalSection
	GlobalSection(ExtensibilityGlobals) = postSolution
		SolutionGuid = {90C120A6-020C-4DBF-9A76-2E4F78DF624B}
	EndGlobalSection
EndGlobal
