
Microsoft Visual Studio Solution File, Format Version 12.00
# Visual Studio Version 17
VisualStudioVersion = 17.5.002.0
MinimumVisualStudioVersion = 10.0.40219.1
Project("{9A19103F-16F7-4668-BE54-9A1E7A4F7556}") = "Ylimaarainen04", "Ylimaarainen04.csproj", "{B81E1821-F296-45A0-B24B-ED9DFFA2D513}"
EndProject
Global
	GlobalSection(SolutionConfigurationPlatforms) = preSolution
		Debug|Any CPU = Debug|Any CPU
		Release|Any CPU = Release|Any CPU
	EndGlobalSection
	GlobalSection(ProjectConfigurationPlatforms) = postSolution
		{B81E1821-F296-45A0-B24B-ED9DFFA2D513}.Debug|Any CPU.ActiveCfg = Debug|Any CPU
		{B81E1821-F296-45A0-B24B-ED9DFFA2D513}.Debug|Any CPU.Build.0 = Debug|Any CPU
		{B81E1821-F296-45A0-B24B-ED9DFFA2D513}.Release|Any CPU.ActiveCfg = Release|Any CPU
		{B81E1821-F296-45A0-B24B-ED9DFFA2D513}.Release|Any CPU.Build.0 = Release|Any CPU
	EndGlobalSection
	GlobalSection(SolutionProperties) = preSolution
		HideSolutionNode = FALSE
	EndGlobalSection
	GlobalSection(ExtensibilityGlobals) = postSolution
		SolutionGuid = {5B464870-E3A7-4127-A011-6CE1B1B1CEF6}
	EndGlobalSection
EndGlobal
