
Microsoft Visual Studio Solution File, Format Version 12.00
# Visual Studio Version 17
VisualStudioVersion = 17.5.002.0
MinimumVisualStudioVersion = 10.0.40219.1
Project("{9A19103F-16F7-4668-BE54-9A1E7A4F7556}") = "ArrayHarjoitus02", "ArrayHarjoitus02.csproj", "{01BDB705-5F29-4A0A-9728-DF274605666C}"
EndProject
Global
	GlobalSection(SolutionConfigurationPlatforms) = preSolution
		Debug|Any CPU = Debug|Any CPU
		Release|Any CPU = Release|Any CPU
	EndGlobalSection
	GlobalSection(ProjectConfigurationPlatforms) = postSolution
		{01BDB705-5F29-4A0A-9728-DF274605666C}.Debug|Any CPU.ActiveCfg = Debug|Any CPU
		{01BDB705-5F29-4A0A-9728-DF274605666C}.Debug|Any CPU.Build.0 = Debug|Any CPU
		{01BDB705-5F29-4A0A-9728-DF274605666C}.Release|Any CPU.ActiveCfg = Release|Any CPU
		{01BDB705-5F29-4A0A-9728-DF274605666C}.Release|Any CPU.Build.0 = Release|Any CPU
	EndGlobalSection
	GlobalSection(SolutionProperties) = preSolution
		HideSolutionNode = FALSE
	EndGlobalSection
	GlobalSection(ExtensibilityGlobals) = postSolution
		SolutionGuid = {21EF1E60-0465-49EE-9C1E-251616D4F9E9}
	EndGlobalSection
EndGlobal
