
Microsoft Visual Studio Solution File, Format Version 12.00
# Visual Studio Version 17
VisualStudioVersion = 17.5.002.0
MinimumVisualStudioVersion = 10.0.40219.1
Project("{9A19103F-16F7-4668-BE54-9A1E7A4F7556}") = "Ehtolause03", "Ehtolause03.csproj", "{BE4EA4C6-F95F-422F-9E75-F1056E04BFD3}"
EndProject
Global
	GlobalSection(SolutionConfigurationPlatforms) = preSolution
		Debug|Any CPU = Debug|Any CPU
		Release|Any CPU = Release|Any CPU
	EndGlobalSection
	GlobalSection(ProjectConfigurationPlatforms) = postSolution
		{BE4EA4C6-F95F-422F-9E75-F1056E04BFD3}.Debug|Any CPU.ActiveCfg = Debug|Any CPU
		{BE4EA4C6-F95F-422F-9E75-F1056E04BFD3}.Debug|Any CPU.Build.0 = Debug|Any CPU
		{BE4EA4C6-F95F-422F-9E75-F1056E04BFD3}.Release|Any CPU.ActiveCfg = Release|Any CPU
		{BE4EA4C6-F95F-422F-9E75-F1056E04BFD3}.Release|Any CPU.Build.0 = Release|Any CPU
	EndGlobalSection
	GlobalSection(SolutionProperties) = preSolution
		HideSolutionNode = FALSE
	EndGlobalSection
	GlobalSection(ExtensibilityGlobals) = postSolution
		SolutionGuid = {98E13507-4BF2-4C08-8E85-FA791339903A}
	EndGlobalSection
EndGlobal
