
Microsoft Visual Studio Solution File, Format Version 12.00
# Visual Studio Version 17
VisualStudioVersion = 17.5.002.0
MinimumVisualStudioVersion = 10.0.40219.1
Project("{9A19103F-16F7-4668-BE54-9A1E7A4F7556}") = "FunktioHarjoitus02", "FunktioHarjoitus02.csproj", "{5F02BA4A-C2BA-409C-9DB4-6391399F3B1A}"
EndProject
Global
	GlobalSection(SolutionConfigurationPlatforms) = preSolution
		Debug|Any CPU = Debug|Any CPU
		Release|Any CPU = Release|Any CPU
	EndGlobalSection
	GlobalSection(ProjectConfigurationPlatforms) = postSolution
		{5F02BA4A-C2BA-409C-9DB4-6391399F3B1A}.Debug|Any CPU.ActiveCfg = Debug|Any CPU
		{5F02BA4A-C2BA-409C-9DB4-6391399F3B1A}.Debug|Any CPU.Build.0 = Debug|Any CPU
		{5F02BA4A-C2BA-409C-9DB4-6391399F3B1A}.Release|Any CPU.ActiveCfg = Release|Any CPU
		{5F02BA4A-C2BA-409C-9DB4-6391399F3B1A}.Release|Any CPU.Build.0 = Release|Any CPU
	EndGlobalSection
	GlobalSection(SolutionProperties) = preSolution
		HideSolutionNode = FALSE
	EndGlobalSection
	GlobalSection(ExtensibilityGlobals) = postSolution
		SolutionGuid = {F78DE66A-2542-4AB2-A919-8B906818BFBC}
	EndGlobalSection
EndGlobal
